
Microsoft Visual Studio Solution File, Format Version 12.00
# Visual Studio Version 17
VisualStudioVersion = 17.8.34525.116
MinimumVisualStudioVersion = 10.0.40219.1
Project("{FAE04EC0-301F-11D3-BF4B-00C04F79EFBC}") = "SmallerCompressedListCSV", "SmallerCompressedListCSV\SmallerCompressedListCSV.csproj", "{CB08088B-9E28-4056-8588-0889579D6B18}"
EndProject
Global
	GlobalSection(SolutionConfigurationPlatforms) = preSolution
		Debug|Any CPU = Debug|Any CPU
		Release|Any CPU = Release|Any CPU
	EndGlobalSection
	GlobalSection(ProjectConfigurationPlatforms) = postSolution
		{CB08088B-9E28-4056-8588-0889579D6B18}.Debug|Any CPU.ActiveCfg = Debug|Any CPU
		{CB08088B-9E28-4056-8588-0889579D6B18}.Debug|Any CPU.Build.0 = Debug|Any CPU
		{CB08088B-9E28-4056-8588-0889579D6B18}.Release|Any CPU.ActiveCfg = Release|Any CPU
		{CB08088B-9E28-4056-8588-0889579D6B18}.Release|Any CPU.Build.0 = Release|Any CPU
	EndGlobalSection
	GlobalSection(SolutionProperties) = preSolution
		HideSolutionNode = FALSE
	EndGlobalSection
	GlobalSection(ExtensibilityGlobals) = postSolution
		SolutionGuid = {D8387792-7C54-4F7D-B248-48F9B623B0C3}
	EndGlobalSection
EndGlobal
